# This file is automatically @generated by Cargo.
# It is not intended for manual editing.
version = 3

[[package]]
name = "codegen"
version = "0.1.0"

[[package]]
name = "generator"
version = "0.1.0"
dependencies = [
 "integrations",
 "java_builder",
]

[[package]]
name = "integrations"
version = "0.1.0"

[[package]]
name = "java_builder"
version = "0.1.0"
